
Microsoft Visual Studio Solution File, Format Version 12.00
# Visual Studio 15
VisualStudioVersion = 15.0.28307.102
MinimumVisualStudioVersion = 10.0.40219.1
Project("{FAE04EC0-301F-11D3-BF4B-00C04F79EFBC}") = "osu-rhythmic-complexity", "osu-rhythmic-complexity\osu-rhythmic-complexity.csproj", "{C3F45987-D213-41D5-B564-C7BF2E37114C}"
EndProject
Global
	GlobalSection(SolutionConfigurationPlatforms) = preSolution
		Debug|Any CPU = Debug|Any CPU
		Release|Any CPU = Release|Any CPU
	EndGlobalSection
	GlobalSection(ProjectConfigurationPlatforms) = postSolution
		{C3F45987-D213-41D5-B564-C7BF2E37114C}.Debug|Any CPU.ActiveCfg = Debug|Any CPU
		{C3F45987-D213-41D5-B564-C7BF2E37114C}.Debug|Any CPU.Build.0 = Debug|Any CPU
		{C3F45987-D213-41D5-B564-C7BF2E37114C}.Release|Any CPU.ActiveCfg = Release|Any CPU
		{C3F45987-D213-41D5-B564-C7BF2E37114C}.Release|Any CPU.Build.0 = Release|Any CPU
	EndGlobalSection
	GlobalSection(SolutionProperties) = preSolution
		HideSolutionNode = FALSE
	EndGlobalSection
	GlobalSection(ExtensibilityGlobals) = postSolution
		SolutionGuid = {A1D70EA4-A988-4C64-881A-9A981054DD84}
	EndGlobalSection
EndGlobal
